
Microsoft Visual Studio Solution File, Format Version 12.00
# Visual Studio Version 16
VisualStudioVersion = 16.0.29905.134
MinimumVisualStudioVersion = 10.0.40219.1
Project("{FAE04EC0-301F-11D3-BF4B-00C04F79EFBC}") = "cw10", "cw10\cw10.csproj", "{5327AEC0-DCCC-4C0A-822F-8A2C376F7F83}"
EndProject
Global
	GlobalSection(SolutionConfigurationPlatforms) = preSolution
		Debug|Any CPU = Debug|Any CPU
		Release|Any CPU = Release|Any CPU
	EndGlobalSection
	GlobalSection(ProjectConfigurationPlatforms) = postSolution
		{5327AEC0-DCCC-4C0A-822F-8A2C376F7F83}.Debug|Any CPU.ActiveCfg = Debug|Any CPU
		{5327AEC0-DCCC-4C0A-822F-8A2C376F7F83}.Debug|Any CPU.Build.0 = Debug|Any CPU
		{5327AEC0-DCCC-4C0A-822F-8A2C376F7F83}.Release|Any CPU.ActiveCfg = Release|Any CPU
		{5327AEC0-DCCC-4C0A-822F-8A2C376F7F83}.Release|Any CPU.Build.0 = Release|Any CPU
	EndGlobalSection
	GlobalSection(SolutionProperties) = preSolution
		HideSolutionNode = FALSE
	EndGlobalSection
	GlobalSection(ExtensibilityGlobals) = postSolution
		SolutionGuid = {B0F34E2C-BDB3-4B52-A52D-2DFE3437DF36}
	EndGlobalSection
EndGlobal
